
Microsoft Visual Studio Solution File, Format Version 12.00
# Visual Studio Version 17
VisualStudioVersion = 17.11.35312.102
MinimumVisualStudioVersion = 10.0.40219.1
Project("{FAE04EC0-301F-11D3-BF4B-00C04F79EFBC}") = "Terapp.UI", "Terapp.UI.csproj", "{E26E59F9-93E5-4AC2-8E59-19EEF22E4911}"
EndProject
Project("{54435603-DBB4-11D2-8724-00A0C9A8B90C}") = "Terapp_Install", "..\Terapp_Install\Terapp_Install.vdproj", "{8128283E-DCDE-45C3-BDF3-9B3BF2F73FBF}"
EndProject
Global
	GlobalSection(SolutionConfigurationPlatforms) = preSolution
		Debug|Any CPU = Debug|Any CPU
		Debug|ARM = Debug|ARM
		Debug|ARM64 = Debug|ARM64
		Debug|x64 = Debug|x64
		Debug|x86 = Debug|x86
		Release|Any CPU = Release|Any CPU
		Release|ARM = Release|ARM
		Release|ARM64 = Release|ARM64
		Release|x64 = Release|x64
		Release|x86 = Release|x86
	EndGlobalSection
	GlobalSection(ProjectConfigurationPlatforms) = postSolution
		{E26E59F9-93E5-4AC2-8E59-19EEF22E4911}.Debug|Any CPU.ActiveCfg = Debug|Any CPU
		{E26E59F9-93E5-4AC2-8E59-19EEF22E4911}.Debug|Any CPU.Build.0 = Debug|Any CPU
		{E26E59F9-93E5-4AC2-8E59-19EEF22E4911}.Debug|ARM.ActiveCfg = Debug|Any CPU
		{E26E59F9-93E5-4AC2-8E59-19EEF22E4911}.Debug|ARM.Build.0 = Debug|Any CPU
		{E26E59F9-93E5-4AC2-8E59-19EEF22E4911}.Debug|ARM64.ActiveCfg = Debug|Any CPU
		{E26E59F9-93E5-4AC2-8E59-19EEF22E4911}.Debug|ARM64.Build.0 = Debug|Any CPU
		{E26E59F9-93E5-4AC2-8E59-19EEF22E4911}.Debug|x64.ActiveCfg = Debug|Any CPU
		{E26E59F9-93E5-4AC2-8E59-19EEF22E4911}.Debug|x64.Build.0 = Debug|Any CPU
		{E26E59F9-93E5-4AC2-8E59-19EEF22E4911}.Debug|x86.ActiveCfg = Debug|Any CPU
		{E26E59F9-93E5-4AC2-8E59-19EEF22E4911}.Debug|x86.Build.0 = Debug|Any CPU
		{E26E59F9-93E5-4AC2-8E59-19EEF22E4911}.Release|Any CPU.ActiveCfg = Release|Any CPU
		{E26E59F9-93E5-4AC2-8E59-19EEF22E4911}.Release|Any CPU.Build.0 = Release|Any CPU
		{E26E59F9-93E5-4AC2-8E59-19EEF22E4911}.Release|ARM.ActiveCfg = Release|Any CPU
		{E26E59F9-93E5-4AC2-8E59-19EEF22E4911}.Release|ARM.Build.0 = Release|Any CPU
		{E26E59F9-93E5-4AC2-8E59-19EEF22E4911}.Release|ARM64.ActiveCfg = Release|Any CPU
		{E26E59F9-93E5-4AC2-8E59-19EEF22E4911}.Release|ARM64.Build.0 = Release|Any CPU
		{E26E59F9-93E5-4AC2-8E59-19EEF22E4911}.Release|x64.ActiveCfg = Release|Any CPU
		{E26E59F9-93E5-4AC2-8E59-19EEF22E4911}.Release|x64.Build.0 = Release|Any CPU
		{E26E59F9-93E5-4AC2-8E59-19EEF22E4911}.Release|x86.ActiveCfg = Release|Any CPU
		{E26E59F9-93E5-4AC2-8E59-19EEF22E4911}.Release|x86.Build.0 = Release|Any CPU
		{8128283E-DCDE-45C3-BDF3-9B3BF2F73FBF}.Debug|Any CPU.ActiveCfg = Debug
		{8128283E-DCDE-45C3-BDF3-9B3BF2F73FBF}.Debug|ARM.ActiveCfg = Debug
		{8128283E-DCDE-45C3-BDF3-9B3BF2F73FBF}.Debug|ARM64.ActiveCfg = Debug
		{8128283E-DCDE-45C3-BDF3-9B3BF2F73FBF}.Debug|x64.ActiveCfg = Debug
		{8128283E-DCDE-45C3-BDF3-9B3BF2F73FBF}.Debug|x86.ActiveCfg = Debug
		{8128283E-DCDE-45C3-BDF3-9B3BF2F73FBF}.Release|Any CPU.ActiveCfg = Release
		{8128283E-DCDE-45C3-BDF3-9B3BF2F73FBF}.Release|ARM.ActiveCfg = Release
		{8128283E-DCDE-45C3-BDF3-9B3BF2F73FBF}.Release|ARM64.ActiveCfg = Release
		{8128283E-DCDE-45C3-BDF3-9B3BF2F73FBF}.Release|x64.ActiveCfg = Release
		{8128283E-DCDE-45C3-BDF3-9B3BF2F73FBF}.Release|x86.ActiveCfg = Release
	EndGlobalSection
	GlobalSection(SolutionProperties) = preSolution
		HideSolutionNode = FALSE
	EndGlobalSection
	GlobalSection(ExtensibilityGlobals) = postSolution
		SolutionGuid = {222E0C07-1E3F-4C6D-B8A2-77A90A89679C}
	EndGlobalSection
EndGlobal
